
Microsoft Visual Studio Solution File, Format Version 12.00
# Visual Studio Version 17
VisualStudioVersion = 17.0.31903.59
MinimumVisualStudioVersion = 10.0.40219.1
Project("{2150E333-8FDC-42A3-9474-1A3956D46DE8}") = "services", "services", "{BFF52DAF-FFEA-4280-B8CA-66CA97480101}"
EndProject
Project("{FAE04EC0-301F-11D3-BF4B-00C04F79EFBC}") = "Catalog.Api", "services\Catalog\Catalog.Api.csproj", "{628A8A2C-BF80-45FB-96A4-9496B6EFB4CF}"
EndProject
Project("{2150E333-8FDC-42A3-9474-1A3956D46DE8}") = "BuildingBlocks", "BuildingBlocks", "{8E6920D8-6832-4E8F-943C-8B9C0F7889C9}"
EndProject
Project("{FAE04EC0-301F-11D3-BF4B-00C04F79EFBC}") = "BuildingBlocks", "BuildingBlocks\BuildingBlocks.csproj", "{64A6D997-A480-4B42-9FB4-258814418427}"
EndProject
Global
	GlobalSection(SolutionConfigurationPlatforms) = preSolution
		Debug|Any CPU = Debug|Any CPU
		Release|Any CPU = Release|Any CPU
	EndGlobalSection
	GlobalSection(ProjectConfigurationPlatforms) = postSolution
		{628A8A2C-BF80-45FB-96A4-9496B6EFB4CF}.Debug|Any CPU.ActiveCfg = Debug|Any CPU
		{628A8A2C-BF80-45FB-96A4-9496B6EFB4CF}.Debug|Any CPU.Build.0 = Debug|Any CPU
		{628A8A2C-BF80-45FB-96A4-9496B6EFB4CF}.Release|Any CPU.ActiveCfg = Release|Any CPU
		{628A8A2C-BF80-45FB-96A4-9496B6EFB4CF}.Release|Any CPU.Build.0 = Release|Any CPU
		{64A6D997-A480-4B42-9FB4-258814418427}.Debug|Any CPU.ActiveCfg = Debug|Any CPU
		{64A6D997-A480-4B42-9FB4-258814418427}.Debug|Any CPU.Build.0 = Debug|Any CPU
		{64A6D997-A480-4B42-9FB4-258814418427}.Release|Any CPU.ActiveCfg = Release|Any CPU
		{64A6D997-A480-4B42-9FB4-258814418427}.Release|Any CPU.Build.0 = Release|Any CPU
	EndGlobalSection
	GlobalSection(SolutionProperties) = preSolution
		HideSolutionNode = FALSE
	EndGlobalSection
	GlobalSection(NestedProjects) = preSolution
		{628A8A2C-BF80-45FB-96A4-9496B6EFB4CF} = {BFF52DAF-FFEA-4280-B8CA-66CA97480101}
		{64A6D997-A480-4B42-9FB4-258814418427} = {8E6920D8-6832-4E8F-943C-8B9C0F7889C9}
	EndGlobalSection
EndGlobal
